
Microsoft Visual Studio Solution File, Format Version 12.00
# Visual Studio Version 17
VisualStudioVersion = 17.11.35327.3
MinimumVisualStudioVersion = 10.0.40219.1
Project("{FAE04EC0-301F-11D3-BF4B-00C04F79EFBC}") = "To Do App", "To Do App.csproj", "{2BACB3B6-14B2-4394-8E5B-3598EFF817E0}"
EndProject
Global
	GlobalSection(SolutionConfigurationPlatforms) = preSolution
		Debug|Any CPU = Debug|Any CPU
		Release|Any CPU = Release|Any CPU
	EndGlobalSection
	GlobalSection(ProjectConfigurationPlatforms) = postSolution
		{2BACB3B6-14B2-4394-8E5B-3598EFF817E0}.Debug|Any CPU.ActiveCfg = Debug|Any CPU
		{2BACB3B6-14B2-4394-8E5B-3598EFF817E0}.Debug|Any CPU.Build.0 = Debug|Any CPU
		{2BACB3B6-14B2-4394-8E5B-3598EFF817E0}.Release|Any CPU.ActiveCfg = Release|Any CPU
		{2BACB3B6-14B2-4394-8E5B-3598EFF817E0}.Release|Any CPU.Build.0 = Release|Any CPU
	EndGlobalSection
	GlobalSection(SolutionProperties) = preSolution
		HideSolutionNode = FALSE
	EndGlobalSection
	GlobalSection(ExtensibilityGlobals) = postSolution
		SolutionGuid = {4FE38725-FBF6-4EF1-AC4B-D243B23B0373}
	EndGlobalSection
EndGlobal
